
Microsoft Visual Studio Solution File, Format Version 11.00
# Visual Studio 2010
Project("{FAE04EC0-301F-11D3-BF4B-00C04F79EFBC}") = "Epiworx.Data", "data\Epiworx.Data.csproj", "{1641C95F-FED3-4623-BC61-4B220B5BFF58}"
EndProject
Project("{FAE04EC0-301F-11D3-BF4B-00C04F79EFBC}") = "Epiworx.Business", "..\business\Epiworx.Business.csproj", "{808576B0-08F7-41D1-9DD5-4BAD848F2420}"
EndProject
Project("{2150E333-8FDC-42A3-9474-1A3956D46DE8}") = "Solution Items", "Solution Items", "{8EE9A806-0BD2-4711-AC90-5DC28EDA0AED}"
	ProjectSection(SolutionItems) = preProject
		Epiworx.vsmdi = Epiworx.vsmdi
		Local.testsettings = Local.testsettings
		TraceAndTestImpact.testsettings = TraceAndTestImpact.testsettings
	EndProjectSection
EndProject
Project("{FAE04EC0-301F-11D3-BF4B-00C04F79EFBC}") = "Epiworx.Data.Mock", "data.mock\Epiworx.Data.Mock.csproj", "{1F729C3F-3278-4949-B50B-DC08796CFDCC}"
EndProject
Project("{FAE04EC0-301F-11D3-BF4B-00C04F79EFBC}") = "Epiworx.Data.EntityFramework", "data.entityframework\Epiworx.Data.EntityFramework.csproj", "{823560AE-2959-4C07-9B91-CCE905A965DB}"
EndProject
Project("{FAE04EC0-301F-11D3-BF4B-00C04F79EFBC}") = "Epiworx.Data.Mock.Test", "data.mock.test\Epiworx.Data.Mock.Test.csproj", "{EEC06274-624B-4000-A783-390C0F5E6BDA}"
EndProject
Project("{FAE04EC0-301F-11D3-BF4B-00C04F79EFBC}") = "Epiworx.Data.EntityFramework.Test", "data.entityframework.test\Epiworx.Data.EntityFramework.Test.csproj", "{976B6555-60D4-4A3F-9583-BC9388E2CD1A}"
EndProject
Project("{FAE04EC0-301F-11D3-BF4B-00C04F79EFBC}") = "Epiworx.WebMvc", "webmvc\Epiworx.WebMvc.csproj", "{8F2A94B2-92BF-47A6-98A6-C698E20A299B}"
EndProject
Project("{FAE04EC0-301F-11D3-BF4B-00C04F79EFBC}") = "Epiworx.Wpf", "wpf\Epiworx.Wpf.csproj", "{F09F41BE-B38E-42E3-995C-C29B0CB5D9E9}"
EndProject
Project("{FAE04EC0-301F-11D3-BF4B-00C04F79EFBC}") = "Epiworx.WebForms", "webforms\Epiworx.WebForms.csproj", "{78ABD214-0C72-4B0D-A984-42C506496D39}"
EndProject
Project("{FAE04EC0-301F-11D3-BF4B-00C04F79EFBC}") = "Epiworx.WinForms", "winforms\Epiworx.WinForms.csproj", "{9CC71629-0970-4973-9786-D063B6A7207D}"
EndProject
Project("{FAE04EC0-301F-11D3-BF4B-00C04F79EFBC}") = "Epiworx.WinPhone", "winphone\Epiworx.WinPhone.csproj", "{A4E6C6DF-1800-4194-AD34-C63598D4DF10}"
EndProject
Project("{FAE04EC0-301F-11D3-BF4B-00C04F79EFBC}") = "Epiworx.WcfRestService", "wcfrestservice\Epiworx.WcfRestService.csproj", "{54AF375E-DE0E-4711-81B6-73AAF16F40B3}"
EndProject
Project("{FAE04EC0-301F-11D3-BF4B-00C04F79EFBC}") = "Epiworx.Silverlight", "silverlight\Epiworx.Silverlight.csproj", "{C202615B-A04E-4FA1-815E-EFBFE3AA21B3}"
EndProject
Global
	GlobalSection(TestCaseManagementSettings) = postSolution
		CategoryFile = Epiworx.vsmdi
	EndGlobalSection
	GlobalSection(SolutionConfigurationPlatforms) = preSolution
		Debug|Any CPU = Debug|Any CPU
		Debug|Mixed Platforms = Debug|Mixed Platforms
		Debug|x86 = Debug|x86
		Release|Any CPU = Release|Any CPU
		Release|Mixed Platforms = Release|Mixed Platforms
		Release|x86 = Release|x86
	EndGlobalSection
	GlobalSection(ProjectConfigurationPlatforms) = postSolution
		{1641C95F-FED3-4623-BC61-4B220B5BFF58}.Debug|Any CPU.ActiveCfg = Debug|Any CPU
		{1641C95F-FED3-4623-BC61-4B220B5BFF58}.Debug|Any CPU.Build.0 = Debug|Any CPU
		{1641C95F-FED3-4623-BC61-4B220B5BFF58}.Debug|Mixed Platforms.ActiveCfg = Debug|Any CPU
		{1641C95F-FED3-4623-BC61-4B220B5BFF58}.Debug|Mixed Platforms.Build.0 = Debug|Any CPU
		{1641C95F-FED3-4623-BC61-4B220B5BFF58}.Debug|x86.ActiveCfg = Debug|Any CPU
		{1641C95F-FED3-4623-BC61-4B220B5BFF58}.Release|Any CPU.ActiveCfg = Release|Any CPU
		{1641C95F-FED3-4623-BC61-4B220B5BFF58}.Release|Any CPU.Build.0 = Release|Any CPU
		{1641C95F-FED3-4623-BC61-4B220B5BFF58}.Release|Mixed Platforms.ActiveCfg = Release|Any CPU
		{1641C95F-FED3-4623-BC61-4B220B5BFF58}.Release|Mixed Platforms.Build.0 = Release|Any CPU
		{1641C95F-FED3-4623-BC61-4B220B5BFF58}.Release|x86.ActiveCfg = Release|Any CPU
		{808576B0-08F7-41D1-9DD5-4BAD848F2420}.Debug|Any CPU.ActiveCfg = Debug|Any CPU
		{808576B0-08F7-41D1-9DD5-4BAD848F2420}.Debug|Any CPU.Build.0 = Debug|Any CPU
		{808576B0-08F7-41D1-9DD5-4BAD848F2420}.Debug|Mixed Platforms.ActiveCfg = Debug|Any CPU
		{808576B0-08F7-41D1-9DD5-4BAD848F2420}.Debug|Mixed Platforms.Build.0 = Debug|Any CPU
		{808576B0-08F7-41D1-9DD5-4BAD848F2420}.Debug|x86.ActiveCfg = Debug|Any CPU
		{808576B0-08F7-41D1-9DD5-4BAD848F2420}.Release|Any CPU.ActiveCfg = Release|Any CPU
		{808576B0-08F7-41D1-9DD5-4BAD848F2420}.Release|Any CPU.Build.0 = Release|Any CPU
		{808576B0-08F7-41D1-9DD5-4BAD848F2420}.Release|Mixed Platforms.ActiveCfg = Release|Any CPU
		{808576B0-08F7-41D1-9DD5-4BAD848F2420}.Release|Mixed Platforms.Build.0 = Release|Any CPU
		{808576B0-08F7-41D1-9DD5-4BAD848F2420}.Release|x86.ActiveCfg = Release|Any CPU
		{1F729C3F-3278-4949-B50B-DC08796CFDCC}.Debug|Any CPU.ActiveCfg = Debug|Any CPU
		{1F729C3F-3278-4949-B50B-DC08796CFDCC}.Debug|Any CPU.Build.0 = Debug|Any CPU
		{1F729C3F-3278-4949-B50B-DC08796CFDCC}.Debug|Mixed Platforms.ActiveCfg = Debug|Any CPU
		{1F729C3F-3278-4949-B50B-DC08796CFDCC}.Debug|Mixed Platforms.Build.0 = Debug|Any CPU
		{1F729C3F-3278-4949-B50B-DC08796CFDCC}.Debug|x86.ActiveCfg = Debug|Any CPU
		{1F729C3F-3278-4949-B50B-DC08796CFDCC}.Release|Any CPU.ActiveCfg = Release|Any CPU
		{1F729C3F-3278-4949-B50B-DC08796CFDCC}.Release|Any CPU.Build.0 = Release|Any CPU
		{1F729C3F-3278-4949-B50B-DC08796CFDCC}.Release|Mixed Platforms.ActiveCfg = Release|Any CPU
		{1F729C3F-3278-4949-B50B-DC08796CFDCC}.Release|Mixed Platforms.Build.0 = Release|Any CPU
		{1F729C3F-3278-4949-B50B-DC08796CFDCC}.Release|x86.ActiveCfg = Release|Any CPU
		{823560AE-2959-4C07-9B91-CCE905A965DB}.Debug|Any CPU.ActiveCfg = Debug|Any CPU
		{823560AE-2959-4C07-9B91-CCE905A965DB}.Debug|Any CPU.Build.0 = Debug|Any CPU
		{823560AE-2959-4C07-9B91-CCE905A965DB}.Debug|Mixed Platforms.ActiveCfg = Debug|Any CPU
		{823560AE-2959-4C07-9B91-CCE905A965DB}.Debug|Mixed Platforms.Build.0 = Debug|Any CPU
		{823560AE-2959-4C07-9B91-CCE905A965DB}.Debug|x86.ActiveCfg = Debug|Any CPU
		{823560AE-2959-4C07-9B91-CCE905A965DB}.Release|Any CPU.ActiveCfg = Release|Any CPU
		{823560AE-2959-4C07-9B91-CCE905A965DB}.Release|Any CPU.Build.0 = Release|Any CPU
		{823560AE-2959-4C07-9B91-CCE905A965DB}.Release|Mixed Platforms.ActiveCfg = Release|Any CPU
		{823560AE-2959-4C07-9B91-CCE905A965DB}.Release|Mixed Platforms.Build.0 = Release|Any CPU
		{823560AE-2959-4C07-9B91-CCE905A965DB}.Release|x86.ActiveCfg = Release|Any CPU
		{EEC06274-624B-4000-A783-390C0F5E6BDA}.Debug|Any CPU.ActiveCfg = Debug|Any CPU
		{EEC06274-624B-4000-A783-390C0F5E6BDA}.Debug|Any CPU.Build.0 = Debug|Any CPU
		{EEC06274-624B-4000-A783-390C0F5E6BDA}.Debug|Mixed Platforms.ActiveCfg = Debug|Any CPU
		{EEC06274-624B-4000-A783-390C0F5E6BDA}.Debug|Mixed Platforms.Build.0 = Debug|Any CPU
		{EEC06274-624B-4000-A783-390C0F5E6BDA}.Debug|x86.ActiveCfg = Debug|Any CPU
		{EEC06274-624B-4000-A783-390C0F5E6BDA}.Release|Any CPU.ActiveCfg = Release|Any CPU
		{EEC06274-624B-4000-A783-390C0F5E6BDA}.Release|Any CPU.Build.0 = Release|Any CPU
		{EEC06274-624B-4000-A783-390C0F5E6BDA}.Release|Mixed Platforms.ActiveCfg = Release|Any CPU
		{EEC06274-624B-4000-A783-390C0F5E6BDA}.Release|Mixed Platforms.Build.0 = Release|Any CPU
		{EEC06274-624B-4000-A783-390C0F5E6BDA}.Release|x86.ActiveCfg = Release|Any CPU
		{976B6555-60D4-4A3F-9583-BC9388E2CD1A}.Debug|Any CPU.ActiveCfg = Debug|Any CPU
		{976B6555-60D4-4A3F-9583-BC9388E2CD1A}.Debug|Any CPU.Build.0 = Debug|Any CPU
		{976B6555-60D4-4A3F-9583-BC9388E2CD1A}.Debug|Mixed Platforms.ActiveCfg = Debug|Any CPU
		{976B6555-60D4-4A3F-9583-BC9388E2CD1A}.Debug|Mixed Platforms.Build.0 = Debug|Any CPU
		{976B6555-60D4-4A3F-9583-BC9388E2CD1A}.Debug|x86.ActiveCfg = Debug|Any CPU
		{976B6555-60D4-4A3F-9583-BC9388E2CD1A}.Release|Any CPU.ActiveCfg = Release|Any CPU
		{976B6555-60D4-4A3F-9583-BC9388E2CD1A}.Release|Any CPU.Build.0 = Release|Any CPU
		{976B6555-60D4-4A3F-9583-BC9388E2CD1A}.Release|Mixed Platforms.ActiveCfg = Release|Any CPU
		{976B6555-60D4-4A3F-9583-BC9388E2CD1A}.Release|Mixed Platforms.Build.0 = Release|Any CPU
		{976B6555-60D4-4A3F-9583-BC9388E2CD1A}.Release|x86.ActiveCfg = Release|Any CPU
		{8F2A94B2-92BF-47A6-98A6-C698E20A299B}.Debug|Any CPU.ActiveCfg = Debug|Any CPU
		{8F2A94B2-92BF-47A6-98A6-C698E20A299B}.Debug|Any CPU.Build.0 = Debug|Any CPU
		{8F2A94B2-92BF-47A6-98A6-C698E20A299B}.Debug|Mixed Platforms.ActiveCfg = Debug|Any CPU
		{8F2A94B2-92BF-47A6-98A6-C698E20A299B}.Debug|Mixed Platforms.Build.0 = Debug|Any CPU
		{8F2A94B2-92BF-47A6-98A6-C698E20A299B}.Debug|x86.ActiveCfg = Debug|Any CPU
		{8F2A94B2-92BF-47A6-98A6-C698E20A299B}.Release|Any CPU.ActiveCfg = Release|Any CPU
		{8F2A94B2-92BF-47A6-98A6-C698E20A299B}.Release|Any CPU.Build.0 = Release|Any CPU
		{8F2A94B2-92BF-47A6-98A6-C698E20A299B}.Release|Mixed Platforms.ActiveCfg = Release|Any CPU
		{8F2A94B2-92BF-47A6-98A6-C698E20A299B}.Release|Mixed Platforms.Build.0 = Release|Any CPU
		{8F2A94B2-92BF-47A6-98A6-C698E20A299B}.Release|x86.ActiveCfg = Release|Any CPU
		{F09F41BE-B38E-42E3-995C-C29B0CB5D9E9}.Debug|Any CPU.ActiveCfg = Debug|x86
		{F09F41BE-B38E-42E3-995C-C29B0CB5D9E9}.Debug|Mixed Platforms.ActiveCfg = Debug|x86
		{F09F41BE-B38E-42E3-995C-C29B0CB5D9E9}.Debug|Mixed Platforms.Build.0 = Debug|x86
		{F09F41BE-B38E-42E3-995C-C29B0CB5D9E9}.Debug|x86.ActiveCfg = Debug|x86
		{F09F41BE-B38E-42E3-995C-C29B0CB5D9E9}.Debug|x86.Build.0 = Debug|x86
		{F09F41BE-B38E-42E3-995C-C29B0CB5D9E9}.Release|Any CPU.ActiveCfg = Release|x86
		{F09F41BE-B38E-42E3-995C-C29B0CB5D9E9}.Release|Mixed Platforms.ActiveCfg = Release|x86
		{F09F41BE-B38E-42E3-995C-C29B0CB5D9E9}.Release|Mixed Platforms.Build.0 = Release|x86
		{F09F41BE-B38E-42E3-995C-C29B0CB5D9E9}.Release|x86.ActiveCfg = Release|x86
		{F09F41BE-B38E-42E3-995C-C29B0CB5D9E9}.Release|x86.Build.0 = Release|x86
		{78ABD214-0C72-4B0D-A984-42C506496D39}.Debug|Any CPU.ActiveCfg = Debug|Any CPU
		{78ABD214-0C72-4B0D-A984-42C506496D39}.Debug|Any CPU.Build.0 = Debug|Any CPU
		{78ABD214-0C72-4B0D-A984-42C506496D39}.Debug|Mixed Platforms.ActiveCfg = Debug|Any CPU
		{78ABD214-0C72-4B0D-A984-42C506496D39}.Debug|Mixed Platforms.Build.0 = Debug|Any CPU
		{78ABD214-0C72-4B0D-A984-42C506496D39}.Debug|x86.ActiveCfg = Debug|Any CPU
		{78ABD214-0C72-4B0D-A984-42C506496D39}.Release|Any CPU.ActiveCfg = Release|Any CPU
		{78ABD214-0C72-4B0D-A984-42C506496D39}.Release|Any CPU.Build.0 = Release|Any CPU
		{78ABD214-0C72-4B0D-A984-42C506496D39}.Release|Mixed Platforms.ActiveCfg = Release|Any CPU
		{78ABD214-0C72-4B0D-A984-42C506496D39}.Release|Mixed Platforms.Build.0 = Release|Any CPU
		{78ABD214-0C72-4B0D-A984-42C506496D39}.Release|x86.ActiveCfg = Release|Any CPU
		{9CC71629-0970-4973-9786-D063B6A7207D}.Debug|Any CPU.ActiveCfg = Debug|x86
		{9CC71629-0970-4973-9786-D063B6A7207D}.Debug|Mixed Platforms.ActiveCfg = Debug|x86
		{9CC71629-0970-4973-9786-D063B6A7207D}.Debug|Mixed Platforms.Build.0 = Debug|x86
		{9CC71629-0970-4973-9786-D063B6A7207D}.Debug|x86.ActiveCfg = Debug|x86
		{9CC71629-0970-4973-9786-D063B6A7207D}.Debug|x86.Build.0 = Debug|x86
		{9CC71629-0970-4973-9786-D063B6A7207D}.Release|Any CPU.ActiveCfg = Release|x86
		{9CC71629-0970-4973-9786-D063B6A7207D}.Release|Mixed Platforms.ActiveCfg = Release|x86
		{9CC71629-0970-4973-9786-D063B6A7207D}.Release|Mixed Platforms.Build.0 = Release|x86
		{9CC71629-0970-4973-9786-D063B6A7207D}.Release|x86.ActiveCfg = Release|x86
		{9CC71629-0970-4973-9786-D063B6A7207D}.Release|x86.Build.0 = Release|x86
		{A4E6C6DF-1800-4194-AD34-C63598D4DF10}.Debug|Any CPU.ActiveCfg = Debug|Any CPU
		{A4E6C6DF-1800-4194-AD34-C63598D4DF10}.Debug|Any CPU.Build.0 = Debug|Any CPU
		{A4E6C6DF-1800-4194-AD34-C63598D4DF10}.Debug|Any CPU.Deploy.0 = Debug|Any CPU
		{A4E6C6DF-1800-4194-AD34-C63598D4DF10}.Debug|Mixed Platforms.ActiveCfg = Debug|Any CPU
		{A4E6C6DF-1800-4194-AD34-C63598D4DF10}.Debug|Mixed Platforms.Build.0 = Debug|Any CPU
		{A4E6C6DF-1800-4194-AD34-C63598D4DF10}.Debug|Mixed Platforms.Deploy.0 = Debug|Any CPU
		{A4E6C6DF-1800-4194-AD34-C63598D4DF10}.Debug|x86.ActiveCfg = Debug|Any CPU
		{A4E6C6DF-1800-4194-AD34-C63598D4DF10}.Release|Any CPU.ActiveCfg = Release|Any CPU
		{A4E6C6DF-1800-4194-AD34-C63598D4DF10}.Release|Any CPU.Build.0 = Release|Any CPU
		{A4E6C6DF-1800-4194-AD34-C63598D4DF10}.Release|Any CPU.Deploy.0 = Release|Any CPU
		{A4E6C6DF-1800-4194-AD34-C63598D4DF10}.Release|Mixed Platforms.ActiveCfg = Release|Any CPU
		{A4E6C6DF-1800-4194-AD34-C63598D4DF10}.Release|Mixed Platforms.Build.0 = Release|Any CPU
		{A4E6C6DF-1800-4194-AD34-C63598D4DF10}.Release|Mixed Platforms.Deploy.0 = Release|Any CPU
		{A4E6C6DF-1800-4194-AD34-C63598D4DF10}.Release|x86.ActiveCfg = Release|Any CPU
		{54AF375E-DE0E-4711-81B6-73AAF16F40B3}.Debug|Any CPU.ActiveCfg = Debug|Any CPU
		{54AF375E-DE0E-4711-81B6-73AAF16F40B3}.Debug|Any CPU.Build.0 = Debug|Any CPU
		{54AF375E-DE0E-4711-81B6-73AAF16F40B3}.Debug|Mixed Platforms.ActiveCfg = Debug|Any CPU
		{54AF375E-DE0E-4711-81B6-73AAF16F40B3}.Debug|Mixed Platforms.Build.0 = Debug|Any CPU
		{54AF375E-DE0E-4711-81B6-73AAF16F40B3}.Debug|x86.ActiveCfg = Debug|Any CPU
		{54AF375E-DE0E-4711-81B6-73AAF16F40B3}.Release|Any CPU.ActiveCfg = Release|Any CPU
		{54AF375E-DE0E-4711-81B6-73AAF16F40B3}.Release|Any CPU.Build.0 = Release|Any CPU
		{54AF375E-DE0E-4711-81B6-73AAF16F40B3}.Release|Mixed Platforms.ActiveCfg = Release|Any CPU
		{54AF375E-DE0E-4711-81B6-73AAF16F40B3}.Release|Mixed Platforms.Build.0 = Release|Any CPU
		{54AF375E-DE0E-4711-81B6-73AAF16F40B3}.Release|x86.ActiveCfg = Release|Any CPU
		{C202615B-A04E-4FA1-815E-EFBFE3AA21B3}.Debug|Any CPU.ActiveCfg = Debug|Any CPU
		{C202615B-A04E-4FA1-815E-EFBFE3AA21B3}.Debug|Any CPU.Build.0 = Debug|Any CPU
		{C202615B-A04E-4FA1-815E-EFBFE3AA21B3}.Debug|Mixed Platforms.ActiveCfg = Debug|Any CPU
		{C202615B-A04E-4FA1-815E-EFBFE3AA21B3}.Debug|Mixed Platforms.Build.0 = Debug|Any CPU
		{C202615B-A04E-4FA1-815E-EFBFE3AA21B3}.Debug|x86.ActiveCfg = Debug|Any CPU
		{C202615B-A04E-4FA1-815E-EFBFE3AA21B3}.Release|Any CPU.ActiveCfg = Release|Any CPU
		{C202615B-A04E-4FA1-815E-EFBFE3AA21B3}.Release|Any CPU.Build.0 = Release|Any CPU
		{C202615B-A04E-4FA1-815E-EFBFE3AA21B3}.Release|Mixed Platforms.ActiveCfg = Release|Any CPU
		{C202615B-A04E-4FA1-815E-EFBFE3AA21B3}.Release|Mixed Platforms.Build.0 = Release|Any CPU
		{C202615B-A04E-4FA1-815E-EFBFE3AA21B3}.Release|x86.ActiveCfg = Release|Any CPU
	EndGlobalSection
	GlobalSection(SolutionProperties) = preSolution
		HideSolutionNode = FALSE
	EndGlobalSection
EndGlobal
